// !$*UTF8*$!
{
	archiveVersion = 1;
	classes = {
	};
	objectVersion = 50;
	objects = {

/* Begin PBXBuildFile section */
		E6A2A99122A8FA08004AA82D /* AppDelegate.m in Sources */ = {isa = PBXBuildFile; fileRef = E6A2A99022A8FA08004AA82D /* AppDelegate.m */; };
		E6A2A99422A8FA08004AA82D /* ViewController.m in Sources */ = {isa = PBXBuildFile; fileRef = E6A2A99322A8FA08004AA82D /* ViewController.m */; };
		E6A2A99722A8FA08004AA82D /* Main.storyboard in Resources */ = {isa = PBXBuildFile; fileRef = E6A2A99522A8FA08004AA82D /* Main.storyboard */; };
		E6A2A99922A8FA1C004AA82D /* Assets.xcassets in Resources */ = {isa = PBXBuildFile; fileRef = E6A2A99822A8FA1C004AA82D /* Assets.xcassets */; };
		E6A2A99C22A8FA1C004AA82D /* LaunchScreen.storyboard in Resources */ = {isa = PBXBuildFile; fileRef = E6A2A99A22A8FA1C004AA82D /* LaunchScreen.storyboard */; };
		E6A2A99F22A8FA1C004AA82D /* main.m in Sources */ = {isa = PBXBuildFile; fileRef = E6A2A99E22A8FA1C004AA82D /* main.m */; };
		E6A2A9A922A8FA1C004AA82D /* WYPieChartViewTests.m in Sources */ = {isa = PBXBuildFile; fileRef = E6A2A9A822A8FA1C004AA82D /* WYPieChartViewTests.m */; };
		E6A2A9B422A8FA1C004AA82D /* WYPieChartViewUITests.m in Sources */ = {isa = PBXBuildFile; fileRef = E6A2A9B322A8FA1C004AA82D /* WYPieChartViewUITests.m */; };
		E6A2A9C422A8FA59004AA82D /* WYPieCenterView.m in Sources */ = {isa = PBXBuildFile; fileRef = E6A2A9C322A8FA59004AA82D /* WYPieCenterView.m */; };
		E6A2A9C722A8FA73004AA82D /* WYPieModel.m in Sources */ = {isa = PBXBuildFile; fileRef = E6A2A9C622A8FA73004AA82D /* WYPieModel.m */; };
		E6A2A9CA22A8FA85004AA82D /* WYPieChartView.m in Sources */ = {isa = PBXBuildFile; fileRef = E6A2A9C922A8FA85004AA82D /* WYPieChartView.m */; };
/* End PBXBuildFile section */

/* Begin PBXContainerItemProxy section */
		E6A2A9A522A8FA1C004AA82D /* PBXContainerItemProxy */ = {
			isa = PBXContainerItemProxy;
			containerPortal = E6A2A98422A8FA07004AA82D /* Project object */;
			proxyType = 1;
			remoteGlobalIDString = E6A2A98B22A8FA08004AA82D;
			remoteInfo = WYPieChartView;
		};
		E6A2A9B022A8FA1C004AA82D /* PBXContainerItemProxy */ = {
			isa = PBXContainerItemProxy;
			containerPortal = E6A2A98422A8FA07004AA82D /* Project object */;
			proxyType = 1;
			remoteGlobalIDString = E6A2A98B22A8FA08004AA82D;
			remoteInfo = WYPieChartView;
		};
/* End PBXContainerItemProxy section */

/* Begin PBXFileReference section */
		E6A2A98C22A8FA08004AA82D /* WYPieChartView.app */ = {isa = PBXFileReference; explicitFileType = wrapper.application; includeInIndex = 0; path = WYPieChartView.app; sourceTree = BUILT_PRODUCTS_DIR; };
		E6A2A98F22A8FA08004AA82D /* AppDelegate.h */ = {isa = PBXFileReference; lastKnownFileType = sourcecode.c.h; path = AppDelegate.h; sourceTree = "<group>"; };
		E6A2A99022A8FA08004AA82D /* AppDelegate.m */ = {isa = PBXFileReference; lastKnownFileType = sourcecode.c.objc; path = AppDelegate.m; sourceTree = "<group>"; };
		E6A2A99222A8FA08004AA82D /* ViewController.h */ = {isa = PBXFileReference; lastKnownFileType = sourcecode.c.h; path = ViewController.h; sourceTree = "<group>"; };
		E6A2A99322A8FA08004AA82D /* ViewController.m */ = {isa = PBXFileReference; lastKnownFileType = sourcecode.c.objc; path = ViewController.m; sourceTree = "<group>"; };
		E6A2A99622A8FA08004AA82D /* Base */ = {isa = PBXFileReference; lastKnownFileType = file.storyboard; name = Base; path = Base.lproj/Main.storyboard; sourceTree = "<group>"; };
		E6A2A99822A8FA1C004AA82D /* Assets.xcassets */ = {isa = PBXFileReference; lastKnownFileType = folder.assetcatalog; path = Assets.xcassets; sourceTree = "<group>"; };
		E6A2A99B22A8FA1C004AA82D /* Base */ = {isa = PBXFileReference; lastKnownFileType = file.storyboard; name = Base; path = Base.lproj/LaunchScreen.storyboard; sourceTree = "<group>"; };
		E6A2A99D22A8FA1C004AA82D /* Info.plist */ = {isa = PBXFileReference; lastKnownFileType = text.plist.xml; path = Info.plist; sourceTree = "<group>"; };
		E6A2A99E22A8FA1C004AA82D /* main.m */ = {isa = PBXFileReference; lastKnownFileType = sourcecode.c.objc; path = main.m; sourceTree = "<group>"; };
		E6A2A9A422A8FA1C004AA82D /* WYPieChartViewTests.xctest */ = {isa = PBXFileReference; explicitFileType = wrapper.cfbundle; includeInIndex = 0; path = WYPieChartViewTests.xctest; sourceTree = BUILT_PRODUCTS_DIR; };
		E6A2A9A822A8FA1C004AA82D /* WYPieChartViewTests.m */ = {isa = PBXFileReference; lastKnownFileType = sourcecode.c.objc; path = WYPieChartViewTests.m; sourceTree = "<group>"; };
		E6A2A9AA22A8FA1C004AA82D /* Info.plist */ = {isa = PBXFileReference; lastKnownFileType = text.plist.xml; path = Info.plist; sourceTree = "<group>"; };
		E6A2A9AF22A8FA1C004AA82D /* WYPieChartViewUITests.xctest */ = {isa = PBXFileReference; explicitFileType = wrapper.cfbundle; includeInIndex = 0; path = WYPieChartViewUITests.xctest; sourceTree = BUILT_PRODUCTS_DIR; };
		E6A2A9B322A8FA1C004AA82D /* WYPieChartViewUITests.m */ = {isa = PBXFileReference; lastKnownFileType = sourcecode.c.objc; path = WYPieChartViewUITests.m; sourceTree = "<group>"; };
		E6A2A9B522A8FA1C004AA82D /* Info.plist */ = {isa = PBXFileReference; lastKnownFileType = text.plist.xml; path = Info.plist; sourceTree = "<group>"; };
		E6A2A9C222A8FA58004AA82D /* WYPieCenterView.h */ = {isa = PBXFileReference; lastKnownFileType = sourcecode.c.h; path = WYPieCenterView.h; sourceTree = "<group>"; };
		E6A2A9C322A8FA59004AA82D /* WYPieCenterView.m */ = {isa = PBXFileReference; lastKnownFileType = sourcecode.c.objc; path = WYPieCenterView.m; sourceTree = "<group>"; };
		E6A2A9C522A8FA73004AA82D /* WYPieModel.h */ = {isa = PBXFileReference; lastKnownFileType = sourcecode.c.h; path = WYPieModel.h; sourceTree = "<group>"; };
		E6A2A9C622A8FA73004AA82D /* WYPieModel.m */ = {isa = PBXFileReference; lastKnownFileType = sourcecode.c.objc; path = WYPieModel.m; sourceTree = "<group>"; };
		E6A2A9C822A8FA85004AA82D /* WYPieChartView.h */ = {isa = PBXFileReference; lastKnownFileType = sourcecode.c.h; path = WYPieChartView.h; sourceTree = "<group>"; };
		E6A2A9C922A8FA85004AA82D /* WYPieChartView.m */ = {isa = PBXFileReference; lastKnownFileType = sourcecode.c.objc; path = WYPieChartView.m; sourceTree = "<group>"; };
/* End PBXFileReference section */

/* Begin PBXFrameworksBuildPhase section */
		E6A2A98922A8FA08004AA82D /* Frameworks */ = {
			isa = PBXFrameworksBuildPhase;
			buildActionMask = 2147483647;
			files = (
			);
			runOnlyForDeploymentPostprocessing = 0;
		};
		E6A2A9A122A8FA1C004AA82D /* Frameworks */ = {
			isa = PBXFrameworksBuildPhase;
			buildActionMask = 2147483647;
			files = (
			);
			runOnlyForDeploymentPostprocessing = 0;
		};
		E6A2A9AC22A8FA1C004AA82D /* Frameworks */ = {
			isa = PBXFrameworksBuildPhase;
			buildActionMask = 2147483647;
			files = (
			);
			runOnlyForDeploymentPostprocessing = 0;
		};
/* End PBXFrameworksBuildPhase section */

/* Begin PBXGroup section */
		E6A2A98322A8FA07004AA82D = {
			isa = PBXGroup;
			children = (
				E6A2A98E22A8FA08004AA82D /* WYPieChartView */,
				E6A2A9A722A8FA1C004AA82D /* WYPieChartViewTests */,
				E6A2A9B222A8FA1C004AA82D /* WYPieChartViewUITests */,
				E6A2A98D22A8FA08004AA82D /* Products */,
			);
			sourceTree = "<group>";
		};
		E6A2A98D22A8FA08004AA82D /* Products */ = {
			isa = PBXGroup;
			children = (
				E6A2A98C22A8FA08004AA82D /* WYPieChartView.app */,
				E6A2A9A422A8FA1C004AA82D /* WYPieChartViewTests.xctest */,
				E6A2A9AF22A8FA1C004AA82D /* WYPieChartViewUITests.xctest */,
			);
			name = Products;
			sourceTree = "<group>";
		};
		E6A2A98E22A8FA08004AA82D /* WYPieChartView */ = {
			isa = PBXGroup;
			children = (
				E6A2A9C122A8FA35004AA82D /* WYPieChartView */,
				E6A2A98F22A8FA08004AA82D /* AppDelegate.h */,
				E6A2A99022A8FA08004AA82D /* AppDelegate.m */,
				E6A2A99222A8FA08004AA82D /* ViewController.h */,
				E6A2A99322A8FA08004AA82D /* ViewController.m */,
				E6A2A99522A8FA08004AA82D /* Main.storyboard */,
				E6A2A99822A8FA1C004AA82D /* Assets.xcassets */,
				E6A2A99A22A8FA1C004AA82D /* LaunchScreen.storyboard */,
				E6A2A99D22A8FA1C004AA82D /* Info.plist */,
				E6A2A99E22A8FA1C004AA82D /* main.m */,
			);
			path = WYPieChartView;
			sourceTree = "<group>";
		};
		E6A2A9A722A8FA1C004AA82D /* WYPieChartViewTests */ = {
			isa = PBXGroup;
			children = (
				E6A2A9A822A8FA1C004AA82D /* WYPieChartViewTests.m */,
				E6A2A9AA22A8FA1C004AA82D /* Info.plist */,
			);
			path = WYPieChartViewTests;
			sourceTree = "<group>";
		};
		E6A2A9B222A8FA1C004AA82D /* WYPieChartViewUITests */ = {
			isa = PBXGroup;
			children = (
				E6A2A9B322A8FA1C004AA82D /* WYPieChartViewUITests.m */,
				E6A2A9B522A8FA1C004AA82D /* Info.plist */,
			);
			path = WYPieChartViewUITests;
			sourceTree = "<group>";
		};
		E6A2A9C122A8FA35004AA82D /* WYPieChartView */ = {
			isa = PBXGroup;
			children = (
				E6A2A9C522A8FA73004AA82D /* WYPieModel.h */,
				E6A2A9C622A8FA73004AA82D /* WYPieModel.m */,
				E6A2A9C222A8FA58004AA82D /* WYPieCenterView.h */,
				E6A2A9C322A8FA59004AA82D /* WYPieCenterView.m */,
				E6A2A9C822A8FA85004AA82D /* WYPieChartView.h */,
				E6A2A9C922A8FA85004AA82D /* WYPieChartView.m */,
			);
			path = WYPieChartView;
			sourceTree = "<group>";
		};
/* End PBXGroup section */

/* Begin PBXNativeTarget section */
		E6A2A98B22A8FA08004AA82D /* WYPieChartView */ = {
			isa = PBXNativeTarget;
			buildConfigurationList = E6A2A9B822A8FA1C004AA82D /* Build configuration list for PBXNativeTarget "WYPieChartView" */;
			buildPhases = (
				E6A2A98822A8FA08004AA82D /* Sources */,
				E6A2A98922A8FA08004AA82D /* Frameworks */,
				E6A2A98A22A8FA08004AA82D /* Resources */,
			);
			buildRules = (
			);
			dependencies = (
			);
			name = WYPieChartView;
			productName = WYPieChartView;
			productReference = E6A2A98C22A8FA08004AA82D /* WYPieChartView.app */;
			productType = "com.apple.product-type.application";
		};
		E6A2A9A322A8FA1C004AA82D /* WYPieChartViewTests */ = {
			isa = PBXNativeTarget;
			buildConfigurationList = E6A2A9BB22A8FA1C004AA82D /* Build configuration list for PBXNativeTarget "WYPieChartViewTests" */;
			buildPhases = (
				E6A2A9A022A8FA1C004AA82D /* Sources */,
				E6A2A9A122A8FA1C004AA82D /* Frameworks */,
				E6A2A9A222A8FA1C004AA82D /* Resources */,
			);
			buildRules = (
			);
			dependencies = (
				E6A2A9A622A8FA1C004AA82D /* PBXTargetDependency */,
			);
			name = WYPieChartViewTests;
			productName = WYPieChartViewTests;
			productReference = E6A2A9A422A8FA1C004AA82D /* WYPieChartViewTests.xctest */;
			productType = "com.apple.product-type.bundle.unit-test";
		};
		E6A2A9AE22A8FA1C004AA82D /* WYPieChartViewUITests */ = {
			isa = PBXNativeTarget;
			buildConfigurationList = E6A2A9BE22A8FA1C004AA82D /* Build configuration list for PBXNativeTarget "WYPieChartViewUITests" */;
			buildPhases = (
				E6A2A9AB22A8FA1C004AA82D /* Sources */,
				E6A2A9AC22A8FA1C004AA82D /* Frameworks */,
				E6A2A9AD22A8FA1C004AA82D /* Resources */,
			);
			buildRules = (
			);
			dependencies = (
				E6A2A9B122A8FA1C004AA82D /* PBXTargetDependency */,
			);
			name = WYPieChartViewUITests;
			productName = WYPieChartViewUITests;
			productReference = E6A2A9AF22A8FA1C004AA82D /* WYPieChartViewUITests.xctest */;
			productType = "com.apple.product-type.bundle.ui-testing";
		};
/* End PBXNativeTarget section */

/* Begin PBXProject section */
		E6A2A98422A8FA07004AA82D /* Project object */ = {
			isa = PBXProject;
			attributes = {
				LastUpgradeCheck = 1020;
				ORGANIZATIONNAME = Highden;
				TargetAttributes = {
					E6A2A98B22A8FA08004AA82D = {
						CreatedOnToolsVersion = 10.2.1;
					};
					E6A2A9A322A8FA1C004AA82D = {
						CreatedOnToolsVersion = 10.2.1;
						TestTargetID = E6A2A98B22A8FA08004AA82D;
					};
					E6A2A9AE22A8FA1C004AA82D = {
						CreatedOnToolsVersion = 10.2.1;
						TestTargetID = E6A2A98B22A8FA08004AA82D;
					};
				};
			};
			buildConfigurationList = E6A2A98722A8FA08004AA82D /* Build configuration list for PBXProject "WYPieChartView" */;
			compatibilityVersion = "Xcode 9.3";
			developmentRegion = en;
			hasScannedForEncodings = 0;
			knownRegions = (
				en,
				Base,
			);
			mainGroup = E6A2A98322A8FA07004AA82D;
			productRefGroup = E6A2A98D22A8FA08004AA82D /* Products */;
			projectDirPath = "";
			projectRoot = "";
			targets = (
				E6A2A98B22A8FA08004AA82D /* WYPieChartView */,
				E6A2A9A322A8FA1C004AA82D /* WYPieChartViewTests */,
				E6A2A9AE22A8FA1C004AA82D /* WYPieChartViewUITests */,
			);
		};
/* End PBXProject section */

/* Begin PBXResourcesBuildPhase section */
		E6A2A98A22A8FA08004AA82D /* Resources */ = {
			isa = PBXResourcesBuildPhase;
			buildActionMask = 2147483647;
			files = (
				E6A2A99C22A8FA1C004AA82D /* LaunchScreen.storyboard in Resources */,
				E6A2A99922A8FA1C004AA82D /* Assets.xcassets in Resources */,
				E6A2A99722A8FA08004AA82D /* Main.storyboard in Resources */,
			);
			runOnlyForDeploymentPostprocessing = 0;
		};
		E6A2A9A222A8FA1C004AA82D /* Resources */ = {
			isa = PBXResourcesBuildPhase;
			buildActionMask = 2147483647;
			files = (
			);
			runOnlyForDeploymentPostprocessing = 0;
		};
		E6A2A9AD22A8FA1C004AA82D /* Resources */ = {
			isa = PBXResourcesBuildPhase;
			buildActionMask = 2147483647;
			files = (
			);
			runOnlyForDeploymentPostprocessing = 0;
		};
/* End PBXResourcesBuildPhase section */

/* Begin PBXSourcesBuildPhase section */
		E6A2A98822A8FA08004AA82D /* Sources */ = {
			isa = PBXSourcesBuildPhase;
			buildActionMask = 2147483647;
			files = (
				E6A2A99422A8FA08004AA82D /* ViewController.m in Sources */,
				E6A2A99F22A8FA1C004AA82D /* main.m in Sources */,
				E6A2A9C422A8FA59004AA82D /* WYPieCenterView.m in Sources */,
				E6A2A9C722A8FA73004AA82D /* WYPieModel.m in Sources */,
				E6A2A9CA22A8FA85004AA82D /* WYPieChartView.m in Sources */,
				E6A2A99122A8FA08004AA82D /* AppDelegate.m in Sources */,
			);
			runOnlyForDeploymentPostprocessing = 0;
		};
		E6A2A9A022A8FA1C004AA82D /* Sources */ = {
			isa = PBXSourcesBuildPhase;
			buildActionMask = 2147483647;
			files = (
				E6A2A9A922A8FA1C004AA82D /* WYPieChartViewTests.m in Sources */,
			);
			runOnlyForDeploymentPostprocessing = 0;
		};
		E6A2A9AB22A8FA1C004AA82D /* Sources */ = {
			isa = PBXSourcesBuildPhase;
			buildActionMask = 2147483647;
			files = (
				E6A2A9B422A8FA1C004AA82D /* WYPieChartViewUITests.m in Sources */,
			);
			runOnlyForDeploymentPostprocessing = 0;
		};
/* End PBXSourcesBuildPhase section */

/* Begin PBXTargetDependency section */
		E6A2A9A622A8FA1C004AA82D /* PBXTargetDependency */ = {
			isa = PBXTargetDependency;
			target = E6A2A98B22A8FA08004AA82D /* WYPieChartView */;
			targetProxy = E6A2A9A522A8FA1C004AA82D /* PBXContainerItemProxy */;
		};
		E6A2A9B122A8FA1C004AA82D /* PBXTargetDependency */ = {
			isa = PBXTargetDependency;
			target = E6A2A98B22A8FA08004AA82D /* WYPieChartView */;
			targetProxy = E6A2A9B022A8FA1C004AA82D /* PBXContainerItemProxy */;
		};
/* End PBXTargetDependency section */

/* Begin PBXVariantGroup section */
		E6A2A99522A8FA08004AA82D /* Main.storyboard */ = {
			isa = PBXVariantGroup;
			children = (
				E6A2A99622A8FA08004AA82D /* Base */,
			);
			name = Main.storyboard;
			sourceTree = "<group>";
		};
		E6A2A99A22A8FA1C004AA82D /* LaunchScreen.storyboard */ = {
			isa = PBXVariantGroup;
			children = (
				E6A2A99B22A8FA1C004AA82D /* Base */,
			);
			name = LaunchScreen.storyboard;
			sourceTree = "<group>";
		};
/* End PBXVariantGroup section */

/* Begin XCBuildConfiguration section */
		E6A2A9B622A8FA1C004AA82D /* Debug */ = {
			isa = XCBuildConfiguration;
			buildSettings = {
				ALWAYS_SEARCH_USER_PATHS = NO;
				CLANG_ANALYZER_NONNULL = YES;
				CLANG_ANALYZER_NUMBER_OBJECT_CONVERSION = YES_AGGRESSIVE;
				CLANG_CXX_LANGUAGE_STANDARD = "gnu++14";
				CLANG_CXX_LIBRARY = "libc++";
				CLANG_ENABLE_MODULES = YES;
				CLANG_ENABLE_OBJC_ARC = YES;
				CLANG_ENABLE_OBJC_WEAK = YES;
				CLANG_WARN_BLOCK_CAPTURE_AUTORELEASING = YES;
				CLANG_WARN_BOOL_CONVERSION = YES;
				CLANG_WARN_COMMA = YES;
				CLANG_WARN_CONSTANT_CONVERSION = YES;
				CLANG_WARN_DEPRECATED_OBJC_IMPLEMENTATIONS = YES;
				CLANG_WARN_DIRECT_OBJC_ISA_USAGE = YES_ERROR;
				CLANG_WARN_DOCUMENTATION_COMMENTS = YES;
				CLANG_WARN_EMPTY_BODY = YES;
				CLANG_WARN_ENUM_CONVERSION = YES;
				CLANG_WARN_INFINITE_RECURSION = YES;
				CLANG_WARN_INT_CONVERSION = YES;
				CLANG_WARN_NON_LITERAL_NULL_CONVERSION = YES;
				CLANG_WARN_OBJC_IMPLICIT_RETAIN_SELF = YES;
				CLANG_WARN_OBJC_LITERAL_CONVERSION = YES;
				CLANG_WARN_OBJC_ROOT_CLASS = YES_ERROR;
				CLANG_WARN_RANGE_LOOP_ANALYSIS = YES;
				CLANG_WARN_STRICT_PROTOTYPES = YES;
				CLANG_WARN_SUSPICIOUS_MOVE = YES;
				CLANG_WARN_UNGUARDED_AVAILABILITY = YES_AGGRESSIVE;
				CLANG_WARN_UNREACHABLE_CODE = YES;
				CLANG_WARN__DUPLICATE_METHOD_MATCH = YES;
				CODE_SIGN_IDENTITY = "iPhone Developer";
				COPY_PHASE_STRIP = NO;
				DEBUG_INFORMATION_FORMAT = dwarf;
				ENABLE_STRICT_OBJC_MSGSEND = YES;
				ENABLE_TESTABILITY = YES;
				GCC_C_LANGUAGE_STANDARD = gnu11;
				GCC_DYNAMIC_NO_PIC = NO;
				GCC_NO_COMMON_BLOCKS = YES;
				GCC_OPTIMIZATION_LEVEL = 0;
				GCC_PREPROCESSOR_DEFINITIONS = (
					"DEBUG=1",
					"$(inherited)",
				);
				GCC_WARN_64_TO_32_BIT_CONVERSION = YES;
				GCC_WARN_ABOUT_RETURN_TYPE = YES_ERROR;
				GCC_WARN_UNDECLARED_SELECTOR = YES;
				GCC_WARN_UNINITIALIZED_AUTOS = YES_AGGRESSIVE;
				GCC_WARN_UNUSED_FUNCTION = YES;
				GCC_WARN_UNUSED_VARIABLE = YES;
				IPHONEOS_DEPLOYMENT_TARGET = 12.2;
				MTL_ENABLE_DEBUG_INFO = INCLUDE_SOURCE;
				MTL_FAST_MATH = YES;
				ONLY_ACTIVE_ARCH = YES;
				SDKROOT = iphoneos;
			};
			name = Debug;
		};
		E6A2A9B722A8FA1C004AA82D /* Release */ = {
			isa = XCBuildConfiguration;
			buildSettings = {
				ALWAYS_SEARCH_USER_PATHS = NO;
				CLANG_ANALYZER_NONNULL = YES;
				CLANG_ANALYZER_NUMBER_OBJECT_CONVERSION = YES_AGGRESSIVE;
				CLANG_CXX_LANGUAGE_STANDARD = "gnu++14";
				CLANG_CXX_LIBRARY = "libc++";
				CLANG_ENABLE_MODULES = YES;
				CLANG_ENABLE_OBJC_ARC = YES;
				CLANG_ENABLE_OBJC_WEAK = YES;
				CLANG_WARN_BLOCK_CAPTURE_AUTORELEASING = YES;
				CLANG_WARN_BOOL_CONVERSION = YES;
				CLANG_WARN_COMMA = YES;
				CLANG_WARN_CONSTANT_CONVERSION = YES;
				CLANG_WARN_DEPRECATED_OBJC_IMPLEMENTATIONS = YES;
				CLANG_WARN_DIRECT_OBJC_ISA_USAGE = YES_ERROR;
				CLANG_WARN_DOCUMENTATION_COMMENTS = YES;
				CLANG_WARN_EMPTY_BODY = YES;
				CLANG_WARN_ENUM_CONVERSION = YES;
				CLANG_WARN_INFINITE_RECURSION = YES;
				CLANG_WARN_INT_CONVERSION = YES;
				CLANG_WARN_NON_LITERAL_NULL_CONVERSION = YES;
				CLANG_WARN_OBJC_IMPLICIT_RETAIN_SELF = YES;
				CLANG_WARN_OBJC_LITERAL_CONVERSION = YES;
				CLANG_WARN_OBJC_ROOT_CLASS = YES_ERROR;
				CLANG_WARN_RANGE_LOOP_ANALYSIS = YES;
				CLANG_WARN_STRICT_PROTOTYPES = YES;
				CLANG_WARN_SUSPICIOUS_MOVE = YES;
				CLANG_WARN_UNGUARDED_AVAILABILITY = YES_AGGRESSIVE;
				CLANG_WARN_UNREACHABLE_CODE = YES;
				CLANG_WARN__DUPLICATE_METHOD_MATCH = YES;
				CODE_SIGN_IDENTITY = "iPhone Developer";
				COPY_PHASE_STRIP = NO;
				DEBUG_INFORMATION_FORMAT = "dwarf-with-dsym";
				ENABLE_NS_ASSERTIONS = NO;
				ENABLE_STRICT_OBJC_MSGSEND = YES;
				GCC_C_LANGUAGE_STANDARD = gnu11;
				GCC_NO_COMMON_BLOCKS = YES;
				GCC_WARN_64_TO_32_BIT_CONVERSION = YES;
				GCC_WARN_ABOUT_RETURN_TYPE = YES_ERROR;
				GCC_WARN_UNDECLARED_SELECTOR = YES;
				GCC_WARN_UNINITIALIZED_AUTOS = YES_AGGRESSIVE;
				GCC_WARN_UNUSED_FUNCTION = YES;
				GCC_WARN_UNUSED_VARIABLE = YES;
				IPHONEOS_DEPLOYMENT_TARGET = 12.2;
				MTL_ENABLE_DEBUG_INFO = NO;
				MTL_FAST_MATH = YES;
				SDKROOT = iphoneos;
				VALIDATE_PRODUCT = YES;
			};
			name = Release;
		};
		E6A2A9B922A8FA1C004AA82D /* Debug */ = {
			isa = XCBuildConfiguration;
			buildSettings = {
				ASSETCATALOG_COMPILER_APPICON_NAME = AppIcon;
				CODE_SIGN_STYLE = Automatic;
				INFOPLIST_FILE = WYPieChartView/Info.plist;
				LD_RUNPATH_SEARCH_PATHS = (
					"$(inherited)",
					"@executable_path/Frameworks",
				);
				PRODUCT_BUNDLE_IDENTIFIER = com.scthsplt.WYPieChartView;
				PRODUCT_NAME = "$(TARGET_NAME)";
				TARGETED_DEVICE_FAMILY = "1,2";
			};
			name = Debug;
		};
		E6A2A9BA22A8FA1C004AA82D /* Release */ = {
			isa = XCBuildConfiguration;
			buildSettings = {
				ASSETCATALOG_COMPILER_APPICON_NAME = AppIcon;
				CODE_SIGN_STYLE = Automatic;
				INFOPLIST_FILE = WYPieChartView/Info.plist;
				LD_RUNPATH_SEARCH_PATHS = (
					"$(inherited)",
					"@executable_path/Frameworks",
				);
				PRODUCT_BUNDLE_IDENTIFIER = com.scthsplt.WYPieChartView;
				PRODUCT_NAME = "$(TARGET_NAME)";
				TARGETED_DEVICE_FAMILY = "1,2";
			};
			name = Release;
		};
		E6A2A9BC22A8FA1C004AA82D /* Debug */ = {
			isa = XCBuildConfiguration;
			buildSettings = {
				BUNDLE_LOADER = "$(TEST_HOST)";
				CODE_SIGN_STYLE = Automatic;
				INFOPLIST_FILE = WYPieChartViewTests/Info.plist;
				LD_RUNPATH_SEARCH_PATHS = (
					"$(inherited)",
					"@executable_path/Frameworks",
					"@loader_path/Frameworks",
				);
				PRODUCT_BUNDLE_IDENTIFIER = com.scthsplt.WYPieChartViewTests;
				PRODUCT_NAME = "$(TARGET_NAME)";
				TARGETED_DEVICE_FAMILY = "1,2";
				TEST_HOST = "$(BUILT_PRODUCTS_DIR)/WYPieChartView.app/WYPieChartView";
			};
			name = Debug;
		};
		E6A2A9BD22A8FA1C004AA82D /* Release */ = {
			isa = XCBuildConfiguration;
			buildSettings = {
				BUNDLE_LOADER = "$(TEST_HOST)";
				CODE_SIGN_STYLE = Automatic;
				INFOPLIST_FILE = WYPieChartViewTests/Info.plist;
				LD_RUNPATH_SEARCH_PATHS = (
					"$(inherited)",
					"@executable_path/Frameworks",
					"@loader_path/Frameworks",
				);
				PRODUCT_BUNDLE_IDENTIFIER = com.scthsplt.WYPieChartViewTests;
				PRODUCT_NAME = "$(TARGET_NAME)";
				TARGETED_DEVICE_FAMILY = "1,2";
				TEST_HOST = "$(BUILT_PRODUCTS_DIR)/WYPieChartView.app/WYPieChartView";
			};
			name = Release;
		};
		E6A2A9BF22A8FA1C004AA82D /* Debug */ = {
			isa = XCBuildConfiguration;
			buildSettings = {
				CODE_SIGN_STYLE = Automatic;
				INFOPLIST_FILE = WYPieChartViewUITests/Info.plist;
				LD_RUNPATH_SEARCH_PATHS = (
					"$(inherited)",
					"@executable_path/Frameworks",
					"@loader_path/Frameworks",
				);
				PRODUCT_BUNDLE_IDENTIFIER = com.scthsplt.WYPieChartViewUITests;
				PRODUCT_NAME = "$(TARGET_NAME)";
				TARGETED_DEVICE_FAMILY = "1,2";
				TEST_TARGET_NAME = WYPieChartView;
			};
			name = Debug;
		};
		E6A2A9C022A8FA1C004AA82D /* Release */ = {
			isa = XCBuildConfiguration;
			buildSettings = {
				CODE_SIGN_STYLE = Automatic;
				INFOPLIST_FILE = WYPieChartViewUITests/Info.plist;
				LD_RUNPATH_SEARCH_PATHS = (
					"$(inherited)",
					"@executable_path/Frameworks",
					"@loader_path/Frameworks",
				);
				PRODUCT_BUNDLE_IDENTIFIER = com.scthsplt.WYPieChartViewUITests;
				PRODUCT_NAME = "$(TARGET_NAME)";
				TARGETED_DEVICE_FAMILY = "1,2";
				TEST_TARGET_NAME = WYPieChartView;
			};
			name = Release;
		};
/* End XCBuildConfiguration section */

/* Begin XCConfigurationList section */
		E6A2A98722A8FA08004AA82D /* Build configuration list for PBXProject "WYPieChartView" */ = {
			isa = XCConfigurationList;
			buildConfigurations = (
				E6A2A9B622A8FA1C004AA82D /* Debug */,
				E6A2A9B722A8FA1C004AA82D /* Release */,
			);
			defaultConfigurationIsVisible = 0;
			defaultConfigurationName = Release;
		};
		E6A2A9B822A8FA1C004AA82D /* Build configuration list for PBXNativeTarget "WYPieChartView" */ = {
			isa = XCConfigurationList;
			buildConfigurations = (
				E6A2A9B922A8FA1C004AA82D /* Debug */,
				E6A2A9BA22A8FA1C004AA82D /* Release */,
			);
			defaultConfigurationIsVisible = 0;
			defaultConfigurationName = Release;
		};
		E6A2A9BB22A8FA1C004AA82D /* Build configuration list for PBXNativeTarget "WYPieChartViewTests" */ = {
			isa = XCConfigurationList;
			buildConfigurations = (
				E6A2A9BC22A8FA1C004AA82D /* Debug */,
				E6A2A9BD22A8FA1C004AA82D /* Release */,
			);
			defaultConfigurationIsVisible = 0;
			defaultConfigurationName = Release;
		};
		E6A2A9BE22A8FA1C004AA82D /* Build configuration list for PBXNativeTarget "WYPieChartViewUITests" */ = {
			isa = XCConfigurationList;
			buildConfigurations = (
				E6A2A9BF22A8FA1C004AA82D /* Debug */,
				E6A2A9C022A8FA1C004AA82D /* Release */,
			);
			defaultConfigurationIsVisible = 0;
			defaultConfigurationName = Release;
		};
/* End XCConfigurationList section */
	};
	rootObject = E6A2A98422A8FA07004AA82D /* Project object */;
}
